// !$*UTF8*$!
{
	archiveVersion = 1;
	classes = {
	};
	objectVersion = 46;
	objects = {

/* Begin PBXBuildFile section */
		1578B69D1EB9F79500F21099 /* AppDelegate.swift in Sources */ = {isa = PBXBuildFile; fileRef = 1578B69C1EB9F79500F21099 /* AppDelegate.swift */; };
		1578B69F1EB9F79500F21099 /* ViewController.swift in Sources */ = {isa = PBXBuildFile; fileRef = 1578B69E1EB9F79500F21099 /* ViewController.swift */; };
		1578B6A21EB9F79500F21099 /* Main.storyboard in Resources */ = {isa = PBXBuildFile; fileRef = 1578B6A01EB9F79500F21099 /* Main.storyboard */; };
		1578B6A41EB9F79500F21099 /* Assets.xcassets in Resources */ = {isa = PBXBuildFile; fileRef = 1578B6A31EB9F79500F21099 /* Assets.xcassets */; };
		1578B6A71EB9F79500F21099 /* LaunchScreen.storyboard in Resources */ = {isa = PBXBuildFile; fileRef = 1578B6A51EB9F79500F21099 /* LaunchScreen.storyboard */; };
/* End PBXBuildFile section */

/* Begin PBXFileReference section */
		1578B6991EB9F79500F21099 /* SwiftySFSafariViewController.app */ = {isa = PBXFileReference; explicitFileType = wrapper.application; includeInIndex = 0; path = SwiftySFSafariViewController.app; sourceTree = BUILT_PRODUCTS_DIR; };
		1578B69C1EB9F79500F21099 /* AppDelegate.swift */ = {isa = PBXFileReference; lastKnownFileType = sourcecode.swift; path = AppDelegate.swift; sourceTree = "<group>"; };
		1578B69E1EB9F79500F21099 /* ViewController.swift */ = {isa = PBXFileReference; lastKnownFileType = sourcecode.swift; path = ViewController.swift; sourceTree = "<group>"; };
		1578B6A11EB9F79500F21099 /* Base */ = {isa = PBXFileReference; lastKnownFileType = file.storyboard; name = Base; path = Base.lproj/Main.storyboard; sourceTree = "<group>"; };
		1578B6A31EB9F79500F21099 /* Assets.xcassets */ = {isa = PBXFileReference; lastKnownFileType = folder.assetcatalog; path = Assets.xcassets; sourceTree = "<group>"; };
		1578B6A61EB9F79500F21099 /* Base */ = {isa = PBXFileReference; lastKnownFileType = file.storyboard; name = Base; path = Base.lproj/LaunchScreen.storyboard; sourceTree = "<group>"; };
		1578B6A81EB9F79500F21099 /* Info.plist */ = {isa = PBXFileReference; lastKnownFileType = text.plist.xml; path = Info.plist; sourceTree = "<group>"; };
/* End PBXFileReference section */

/* Begin PBXFrameworksBuildPhase section */
		1578B6961EB9F79500F21099 /* Frameworks */ = {
			isa = PBXFrameworksBuildPhase;
			buildActionMask = 2147483647;
			files = (
			);
			runOnlyForDeploymentPostprocessing = 0;
		};
/* End PBXFrameworksBuildPhase section */

/* Begin PBXGroup section */
		1578B6901EB9F79500F21099 = {
			isa = PBXGroup;
			children = (
				1578B69B1EB9F79500F21099 /* SwiftySFSafariViewController */,
				1578B69A1EB9F79500F21099 /* Products */,
			);
			sourceTree = "<group>";
		};
		1578B69A1EB9F79500F21099 /* Products */ = {
			isa = PBXGroup;
			children = (
				1578B6991EB9F79500F21099 /* SwiftySFSafariViewController.app */,
			);
			name = Products;
			sourceTree = "<group>";
		};
		1578B69B1EB9F79500F21099 /* SwiftySFSafariViewController */ = {
			isa = PBXGroup;
			children = (
				1578B69C1EB9F79500F21099 /* AppDelegate.swift */,
				1578B69E1EB9F79500F21099 /* ViewController.swift */,
				1578B6A01EB9F79500F21099 /* Main.storyboard */,
				1578B6A31EB9F79500F21099 /* Assets.xcassets */,
				1578B6A51EB9F79500F21099 /* LaunchScreen.storyboard */,
				1578B6A81EB9F79500F21099 /* Info.plist */,
			);
			path = SwiftySFSafariViewController;
			sourceTree = "<group>";
		};
/* End PBXGroup section */

/* Begin PBXNativeTarget section */
		1578B6981EB9F79500F21099 /* SwiftySFSafariViewController */ = {
			isa = PBXNativeTarget;
			buildConfigurationList = 1578B6AB1EB9F79500F21099 /* Build configuration list for PBXNativeTarget "SwiftySFSafariViewController" */;
			buildPhases = (
				1578B6951EB9F79500F21099 /* Sources */,
				1578B6961EB9F79500F21099 /* Frameworks */,
				1578B6971EB9F79500F21099 /* Resources */,
			);
			buildRules = (
			);
			dependencies = (
			);
			name = SwiftySFSafariViewController;
			productName = SwiftySFSafariViewController;
			productReference = 1578B6991EB9F79500F21099 /* SwiftySFSafariViewController.app */;
			productType = "com.apple.product-type.application";
		};
/* End PBXNativeTarget section */

/* Begin PBXProject section */
		1578B6911EB9F79500F21099 /* Project object */ = {
			isa = PBXProject;
			attributes = {
				LastSwiftUpdateCheck = 0830;
				LastUpgradeCheck = 0830;
				ORGANIZATIONNAME = "Sugam Kalra";
				TargetAttributes = {
					1578B6981EB9F79500F21099 = {
						CreatedOnToolsVersion = 8.3.2;
						ProvisioningStyle = Automatic;
					};
				};
			};
			buildConfigurationList = 1578B6941EB9F79500F21099 /* Build configuration list for PBXProject "SwiftySFSafariViewController" */;
			compatibilityVersion = "Xcode 3.2";
			developmentRegion = English;
			hasScannedForEncodings = 0;
			knownRegions = (
				en,
				Base,
			);
			mainGroup = 1578B6901EB9F79500F21099;
			productRefGroup = 1578B69A1EB9F79500F21099 /* Products */;
			projectDirPath = "";
			projectRoot = "";
			targets = (
				1578B6981EB9F79500F21099 /* SwiftySFSafariViewController */,
			);
		};
/* End PBXProject section */

/* Begin PBXResourcesBuildPhase section */
		1578B6971EB9F79500F21099 /* Resources */ = {
			isa = PBXResourcesBuildPhase;
			buildActionMask = 2147483647;
			files = (
				1578B6A71EB9F79500F21099 /* LaunchScreen.storyboard in Resources */,
				1578B6A41EB9F79500F21099 /* Assets.xcassets in Resources */,
				1578B6A21EB9F79500F21099 /* Main.storyboard in Resources */,
			);
			runOnlyForDeploymentPostprocessing = 0;
		};
/* End PBXResourcesBuildPhase section */

/* Begin PBXSourcesBuildPhase section */
		1578B6951EB9F79500F21099 /* Sources */ = {
			isa = PBXSourcesBuildPhase;
			buildActionMask = 2147483647;
			files = (
				1578B69F1EB9F79500F21099 /* ViewController.swift in Sources */,
				1578B69D1EB9F79500F21099 /* AppDelegate.swift in Sources */,
			);
			runOnlyForDeploymentPostprocessing = 0;
		};
/* End PBXSourcesBuildPhase section */

/* Begin PBXVariantGroup section */
		1578B6A01EB9F79500F21099 /* Main.storyboard */ = {
			isa = PBXVariantGroup;
			children = (
				1578B6A11EB9F79500F21099 /* Base */,
			);
			name = Main.storyboard;
			sourceTree = "<group>";
		};
		1578B6A51EB9F79500F21099 /* LaunchScreen.storyboard */ = {
			isa = PBXVariantGroup;
			children = (
				1578B6A61EB9F79500F21099 /* Base */,
			);
			name = LaunchScreen.storyboard;
			sourceTree = "<group>";
		};
/* End PBXVariantGroup section */

/* Begin XCBuildConfiguration section */
		1578B6A91EB9F79500F21099 /* Debug */ = {
			isa = XCBuildConfiguration;
			buildSettings = {
				ALWAYS_SEARCH_USER_PATHS = NO;
				CLANG_ANALYZER_NONNULL = YES;
				CLANG_ANALYZER_NUMBER_OBJECT_CONVERSION = YES_AGGRESSIVE;
				CLANG_CXX_LANGUAGE_STANDARD = "gnu++0x";
				CLANG_CXX_LIBRARY = "libc++";
				CLANG_ENABLE_MODULES = YES;
				CLANG_ENABLE_OBJC_ARC = YES;
				CLANG_WARN_BOOL_CONVERSION = YES;
				CLANG_WARN_CONSTANT_CONVERSION = YES;
				CLANG_WARN_DIRECT_OBJC_ISA_USAGE = YES_ERROR;
				CLANG_WARN_DOCUMENTATION_COMMENTS = YES;
				CLANG_WARN_EMPTY_BODY = YES;
				CLANG_WARN_ENUM_CONVERSION = YES;
				CLANG_WARN_INFINITE_RECURSION = YES;
				CLANG_WARN_INT_CONVERSION = YES;
				CLANG_WARN_OBJC_ROOT_CLASS = YES_ERROR;
				CLANG_WARN_SUSPICIOUS_MOVE = YES;
				CLANG_WARN_UNREACHABLE_CODE = YES;
				CLANG_WARN__DUPLICATE_METHOD_MATCH = YES;
				"CODE_SIGN_IDENTITY[sdk=iphoneos*]" = "iPhone Developer";
				COPY_PHASE_STRIP = NO;
				DEBUG_INFORMATION_FORMAT = dwarf;
				ENABLE_STRICT_OBJC_MSGSEND = YES;
				ENABLE_TESTABILITY = YES;
				GCC_C_LANGUAGE_STANDARD = gnu99;
				GCC_DYNAMIC_NO_PIC = NO;
				GCC_NO_COMMON_BLOCKS = YES;
				GCC_OPTIMIZATION_LEVEL = 0;
				GCC_PREPROCESSOR_DEFINITIONS = (
					"DEBUG=1",
					"$(inherited)",
				);
				GCC_WARN_64_TO_32_BIT_CONVERSION = YES;
				GCC_WARN_ABOUT_RETURN_TYPE = YES_ERROR;
				GCC_WARN_UNDECLARED_SELECTOR = YES;
				GCC_WARN_UNINITIALIZED_AUTOS = YES_AGGRESSIVE;
				GCC_WARN_UNUSED_FUNCTION = YES;
				GCC_WARN_UNUSED_VARIABLE = YES;
				IPHONEOS_DEPLOYMENT_TARGET = 10.3;
				MTL_ENABLE_DEBUG_INFO = YES;
				ONLY_ACTIVE_ARCH = YES;
				SDKROOT = iphoneos;
				SWIFT_ACTIVE_COMPILATION_CONDITIONS = DEBUG;
				SWIFT_OPTIMIZATION_LEVEL = "-Onone";
			};
			name = Debug;
		};
		1578B6AA1EB9F79500F21099 /* Release */ = {
			isa = XCBuildConfiguration;
			buildSettings = {
				ALWAYS_SEARCH_USER_PATHS = NO;
				CLANG_ANALYZER_NONNULL = YES;
				CLANG_ANALYZER_NUMBER_OBJECT_CONVERSION = YES_AGGRESSIVE;
				CLANG_CXX_LANGUAGE_STANDARD = "gnu++0x";
				CLANG_CXX_LIBRARY = "libc++";
				CLANG_ENABLE_MODULES = YES;
				CLANG_ENABLE_OBJC_ARC = YES;
				CLANG_WARN_BOOL_CONVERSION = YES;
				CLANG_WARN_CONSTANT_CONVERSION = YES;
				CLANG_WARN_DIRECT_OBJC_ISA_USAGE = YES_ERROR;
				CLANG_WARN_DOCUMENTATION_COMMENTS = YES;
				CLANG_WARN_EMPTY_BODY = YES;
				CLANG_WARN_ENUM_CONVERSION = YES;
				CLANG_WARN_INFINITE_RECURSION = YES;
				CLANG_WARN_INT_CONVERSION = YES;
				CLANG_WARN_OBJC_ROOT_CLASS = YES_ERROR;
				CLANG_WARN_SUSPICIOUS_MOVE = YES;
				CLANG_WARN_UNREACHABLE_CODE = YES;
				CLANG_WARN__DUPLICATE_METHOD_MATCH = YES;
				"CODE_SIGN_IDENTITY[sdk=iphoneos*]" = "iPhone Developer";
				COPY_PHASE_STRIP = NO;
				DEBUG_INFORMATION_FORMAT = "dwarf-with-dsym";
				ENABLE_NS_ASSERTIONS = NO;
				ENABLE_STRICT_OBJC_MSGSEND = YES;
				GCC_C_LANGUAGE_STANDARD = gnu99;
				GCC_NO_COMMON_BLOCKS = YES;
				GCC_WARN_64_TO_32_BIT_CONVERSION = YES;
				GCC_WARN_ABOUT_RETURN_TYPE = YES_ERROR;
				GCC_WARN_UNDECLARED_SELECTOR = YES;
				GCC_WARN_UNINITIALIZED_AUTOS = YES_AGGRESSIVE;
				GCC_WARN_UNUSED_FUNCTION = YES;
				GCC_WARN_UNUSED_VARIABLE = YES;
				IPHONEOS_DEPLOYMENT_TARGET = 10.3;
				MTL_ENABLE_DEBUG_INFO = NO;
				SDKROOT = iphoneos;
				SWIFT_OPTIMIZATION_LEVEL = "-Owholemodule";
				VALIDATE_PRODUCT = YES;
			};
			name = Release;
		};
		1578B6AC1EB9F79500F21099 /* Debug */ = {
			isa = XCBuildConfiguration;
			buildSettings = {
				ASSETCATALOG_COMPILER_APPICON_NAME = AppIcon;
				INFOPLIST_FILE = SwiftySFSafariViewController/Info.plist;
				LD_RUNPATH_SEARCH_PATHS = "$(inherited) @executable_path/Frameworks";
				PRODUCT_BUNDLE_IDENTIFIER = com.Appirio.SwiftySFSafariViewController;
				PRODUCT_NAME = "$(TARGET_NAME)";
				SWIFT_VERSION = 3.0;
			};
			name = Debug;
		};
		1578B6AD1EB9F79500F21099 /* Release */ = {
			isa = XCBuildConfiguration;
			buildSettings = {
				ASSETCATALOG_COMPILER_APPICON_NAME = AppIcon;
				INFOPLIST_FILE = SwiftySFSafariViewController/Info.plist;
				LD_RUNPATH_SEARCH_PATHS = "$(inherited) @executable_path/Frameworks";
				PRODUCT_BUNDLE_IDENTIFIER = com.Appirio.SwiftySFSafariViewController;
				PRODUCT_NAME = "$(TARGET_NAME)";
				SWIFT_VERSION = 3.0;
			};
			name = Release;
		};
/* End XCBuildConfiguration section */

/* Begin XCConfigurationList section */
		1578B6941EB9F79500F21099 /* Build configuration list for PBXProject "SwiftySFSafariViewController" */ = {
			isa = XCConfigurationList;
			buildConfigurations = (
				1578B6A91EB9F79500F21099 /* Debug */,
				1578B6AA1EB9F79500F21099 /* Release */,
			);
			defaultConfigurationIsVisible = 0;
			defaultConfigurationName = Release;
		};
		1578B6AB1EB9F79500F21099 /* Build configuration list for PBXNativeTarget "SwiftySFSafariViewController" */ = {
			isa = XCConfigurationList;
			buildConfigurations = (
				1578B6AC1EB9F79500F21099 /* Debug */,
				1578B6AD1EB9F79500F21099 /* Release */,
			);
			defaultConfigurationIsVisible = 0;
		};
/* End XCConfigurationList section */
	};
	rootObject = 1578B6911EB9F79500F21099 /* Project object */;
}
